
Microsoft Visual Studio Solution File, Format Version 12.00
# Visual Studio 2013
VisualStudioVersion = 12.0.31101.0
MinimumVisualStudioVersion = 10.0.40219.1
Project("{FAE04EC0-301F-11D3-BF4B-00C04F79EFBC}") = "AOMapper-net4", "AOMapper\AOMapper-net4.csproj", "{0562F06A-36B9-4DBB-9205-EFE368362E55}"
EndProject
Project("{FAE04EC0-301F-11D3-BF4B-00C04F79EFBC}") = "AOMapper-net4-portable", "AOMapper\AOMapper-net4-portable.csproj", "{534E70CB-B6DC-49BD-B1A4-4458039E656B}"
	ProjectSection(ProjectDependencies) = postProject
		{0562F06A-36B9-4DBB-9205-EFE368362E55} = {0562F06A-36B9-4DBB-9205-EFE368362E55}
		{7BC84DCE-9544-430D-BD2A-CA340BBAD309} = {7BC84DCE-9544-430D-BD2A-CA340BBAD309}
	EndProjectSection
EndProject
Project("{FAE04EC0-301F-11D3-BF4B-00C04F79EFBC}") = "AOMapper-net45", "AOMapper\AOMapper-net45.csproj", "{7BC84DCE-9544-430D-BD2A-CA340BBAD309}"
	ProjectSection(ProjectDependencies) = postProject
		{0562F06A-36B9-4DBB-9205-EFE368362E55} = {0562F06A-36B9-4DBB-9205-EFE368362E55}
	EndProjectSection
EndProject
Project("{FAE04EC0-301F-11D3-BF4B-00C04F79EFBC}") = "AOMapper-net45-portable", "AOMapper\AOMapper-net45-portable.csproj", "{4D356E55-8D2A-4162-8CC7-CC5E00166262}"
	ProjectSection(ProjectDependencies) = postProject
		{0562F06A-36B9-4DBB-9205-EFE368362E55} = {0562F06A-36B9-4DBB-9205-EFE368362E55}
		{534E70CB-B6DC-49BD-B1A4-4458039E656B} = {534E70CB-B6DC-49BD-B1A4-4458039E656B}
		{7BC84DCE-9544-430D-BD2A-CA340BBAD309} = {7BC84DCE-9544-430D-BD2A-CA340BBAD309}
	EndProjectSection
EndProject
Project("{FAE04EC0-301F-11D3-BF4B-00C04F79EFBC}") = "NuGet-Package", "NuGet-Package\NuGet-Package.csproj", "{F4B8B8FD-399E-4553-82F9-B84E439781C0}"
	ProjectSection(ProjectDependencies) = postProject
		{4D356E55-8D2A-4162-8CC7-CC5E00166262} = {4D356E55-8D2A-4162-8CC7-CC5E00166262}
		{0562F06A-36B9-4DBB-9205-EFE368362E55} = {0562F06A-36B9-4DBB-9205-EFE368362E55}
		{534E70CB-B6DC-49BD-B1A4-4458039E656B} = {534E70CB-B6DC-49BD-B1A4-4458039E656B}
		{7BC84DCE-9544-430D-BD2A-CA340BBAD309} = {7BC84DCE-9544-430D-BD2A-CA340BBAD309}
	EndProjectSection
EndProject
Global
	GlobalSection(SolutionConfigurationPlatforms) = preSolution
		Debug|Any CPU = Debug|Any CPU
		Release|Any CPU = Release|Any CPU
	EndGlobalSection
	GlobalSection(ProjectConfigurationPlatforms) = postSolution
		{0562F06A-36B9-4DBB-9205-EFE368362E55}.Debug|Any CPU.ActiveCfg = Debug|Any CPU
		{0562F06A-36B9-4DBB-9205-EFE368362E55}.Debug|Any CPU.Build.0 = Debug|Any CPU
		{0562F06A-36B9-4DBB-9205-EFE368362E55}.Release|Any CPU.ActiveCfg = Release|Any CPU
		{0562F06A-36B9-4DBB-9205-EFE368362E55}.Release|Any CPU.Build.0 = Release|Any CPU
		{534E70CB-B6DC-49BD-B1A4-4458039E656B}.Debug|Any CPU.ActiveCfg = Debug|Any CPU
		{534E70CB-B6DC-49BD-B1A4-4458039E656B}.Debug|Any CPU.Build.0 = Debug|Any CPU
		{534E70CB-B6DC-49BD-B1A4-4458039E656B}.Release|Any CPU.ActiveCfg = Release|Any CPU
		{534E70CB-B6DC-49BD-B1A4-4458039E656B}.Release|Any CPU.Build.0 = Release|Any CPU
		{7BC84DCE-9544-430D-BD2A-CA340BBAD309}.Debug|Any CPU.ActiveCfg = Debug|Any CPU
		{7BC84DCE-9544-430D-BD2A-CA340BBAD309}.Debug|Any CPU.Build.0 = Debug|Any CPU
		{7BC84DCE-9544-430D-BD2A-CA340BBAD309}.Release|Any CPU.ActiveCfg = Release|Any CPU
		{7BC84DCE-9544-430D-BD2A-CA340BBAD309}.Release|Any CPU.Build.0 = Release|Any CPU
		{4D356E55-8D2A-4162-8CC7-CC5E00166262}.Debug|Any CPU.ActiveCfg = Debug|Any CPU
		{4D356E55-8D2A-4162-8CC7-CC5E00166262}.Debug|Any CPU.Build.0 = Debug|Any CPU
		{4D356E55-8D2A-4162-8CC7-CC5E00166262}.Release|Any CPU.ActiveCfg = Release|Any CPU
		{4D356E55-8D2A-4162-8CC7-CC5E00166262}.Release|Any CPU.Build.0 = Release|Any CPU
		{F4B8B8FD-399E-4553-82F9-B84E439781C0}.Debug|Any CPU.ActiveCfg = Debug|Any CPU
		{F4B8B8FD-399E-4553-82F9-B84E439781C0}.Debug|Any CPU.Build.0 = Debug|Any CPU
		{F4B8B8FD-399E-4553-82F9-B84E439781C0}.Release|Any CPU.ActiveCfg = Release|Any CPU
		{F4B8B8FD-399E-4553-82F9-B84E439781C0}.Release|Any CPU.Build.0 = Release|Any CPU
	EndGlobalSection
	GlobalSection(SolutionProperties) = preSolution
		HideSolutionNode = FALSE
	EndGlobalSection
	GlobalSection(CodealikeProperties) = postSolution
		SolutionGuid = e6f4b135-52d7-492c-9ff4-232dd927aab3
	EndGlobalSection
EndGlobal
